
Microsoft Visual Studio Solution File, Format Version 12.00
# Visual Studio Version 17
VisualStudioVersion = 17.9.34607.119
MinimumVisualStudioVersion = 10.0.40219.1
Project("{FAE04EC0-301F-11D3-BF4B-00C04F79EFBC}") = "Banka", "Banka\Banka.csproj", "{2574B151-CDF7-46BD-9424-06D62A532970}"
EndProject
Global
	GlobalSection(SolutionConfigurationPlatforms) = preSolution
		Debug|Any CPU = Debug|Any CPU
		Release|Any CPU = Release|Any CPU
	EndGlobalSection
	GlobalSection(ProjectConfigurationPlatforms) = postSolution
		{2574B151-CDF7-46BD-9424-06D62A532970}.Debug|Any CPU.ActiveCfg = Debug|Any CPU
		{2574B151-CDF7-46BD-9424-06D62A532970}.Debug|Any CPU.Build.0 = Debug|Any CPU
		{2574B151-CDF7-46BD-9424-06D62A532970}.Release|Any CPU.ActiveCfg = Release|Any CPU
		{2574B151-CDF7-46BD-9424-06D62A532970}.Release|Any CPU.Build.0 = Release|Any CPU
	EndGlobalSection
	GlobalSection(SolutionProperties) = preSolution
		HideSolutionNode = FALSE
	EndGlobalSection
	GlobalSection(ExtensibilityGlobals) = postSolution
		SolutionGuid = {0A6FF067-631F-46CF-AF70-FCC89B6A9752}
	EndGlobalSection
EndGlobal
